
Microsoft Visual Studio Solution File, Format Version 12.00
# Visual Studio 15
VisualStudioVersion = 15.0.28010.2019
MinimumVisualStudioVersion = 10.0.40219.1
Project("{8BC9CEB8-8B4A-11D0-8D11-00A0C91BC942}") = "HW 6 EX 1", "HW 6 EX 1\HW 6 EX 1.vcxproj", "{52B365A6-02A4-49B8-98EE-682FC2076298}"
EndProject
Global
	GlobalSection(SolutionConfigurationPlatforms) = preSolution
		Debug|x64 = Debug|x64
		Debug|x86 = Debug|x86
		Release|x64 = Release|x64
		Release|x86 = Release|x86
	EndGlobalSection
	GlobalSection(ProjectConfigurationPlatforms) = postSolution
		{52B365A6-02A4-49B8-98EE-682FC2076298}.Debug|x64.ActiveCfg = Debug|x64
		{52B365A6-02A4-49B8-98EE-682FC2076298}.Debug|x64.Build.0 = Debug|x64
		{52B365A6-02A4-49B8-98EE-682FC2076298}.Debug|x86.ActiveCfg = Debug|Win32
		{52B365A6-02A4-49B8-98EE-682FC2076298}.Debug|x86.Build.0 = Debug|Win32
		{52B365A6-02A4-49B8-98EE-682FC2076298}.Release|x64.ActiveCfg = Release|x64
		{52B365A6-02A4-49B8-98EE-682FC2076298}.Release|x64.Build.0 = Release|x64
		{52B365A6-02A4-49B8-98EE-682FC2076298}.Release|x86.ActiveCfg = Release|Win32
		{52B365A6-02A4-49B8-98EE-682FC2076298}.Release|x86.Build.0 = Release|Win32
	EndGlobalSection
	GlobalSection(SolutionProperties) = preSolution
		HideSolutionNode = FALSE
	EndGlobalSection
	GlobalSection(ExtensibilityGlobals) = postSolution
		SolutionGuid = {E1E31E0E-C9BD-4939-989D-E7721C23DCE1}
	EndGlobalSection
EndGlobal
