
Microsoft Visual Studio Solution File, Format Version 12.00
# Visual Studio 15
VisualStudioVersion = 15.0.28010.2019
MinimumVisualStudioVersion = 10.0.40219.1
Project("{8BC9CEB8-8B4A-11D0-8D11-00A0C91BC942}") = "HW 5 EX 2", "HW 5 EX 2\HW 5 EX 2.vcxproj", "{D19EBD0F-41A1-489B-9CD4-D2842C7D0B37}"
EndProject
Global
	GlobalSection(SolutionConfigurationPlatforms) = preSolution
		Debug|x64 = Debug|x64
		Debug|x86 = Debug|x86
		Release|x64 = Release|x64
		Release|x86 = Release|x86
	EndGlobalSection
	GlobalSection(ProjectConfigurationPlatforms) = postSolution
		{D19EBD0F-41A1-489B-9CD4-D2842C7D0B37}.Debug|x64.ActiveCfg = Debug|x64
		{D19EBD0F-41A1-489B-9CD4-D2842C7D0B37}.Debug|x64.Build.0 = Debug|x64
		{D19EBD0F-41A1-489B-9CD4-D2842C7D0B37}.Debug|x86.ActiveCfg = Debug|Win32
		{D19EBD0F-41A1-489B-9CD4-D2842C7D0B37}.Debug|x86.Build.0 = Debug|Win32
		{D19EBD0F-41A1-489B-9CD4-D2842C7D0B37}.Release|x64.ActiveCfg = Release|x64
		{D19EBD0F-41A1-489B-9CD4-D2842C7D0B37}.Release|x64.Build.0 = Release|x64
		{D19EBD0F-41A1-489B-9CD4-D2842C7D0B37}.Release|x86.ActiveCfg = Release|Win32
		{D19EBD0F-41A1-489B-9CD4-D2842C7D0B37}.Release|x86.Build.0 = Release|Win32
	EndGlobalSection
	GlobalSection(SolutionProperties) = preSolution
		HideSolutionNode = FALSE
	EndGlobalSection
	GlobalSection(ExtensibilityGlobals) = postSolution
		SolutionGuid = {6889AA83-3293-4EE6-BC27-2C863A7612D9}
	EndGlobalSection
EndGlobal
