
Microsoft Visual Studio Solution File, Format Version 12.00
# Visual Studio 15
VisualStudioVersion = 15.0.28010.2019
MinimumVisualStudioVersion = 10.0.40219.1
Project("{8BC9CEB8-8B4A-11D0-8D11-00A0C91BC942}") = "HW 6 EX 2", "HW 6 EX 2\HW 6 EX 2.vcxproj", "{534FCE59-09A7-4718-8928-897677910F9F}"
EndProject
Global
	GlobalSection(SolutionConfigurationPlatforms) = preSolution
		Debug|x64 = Debug|x64
		Debug|x86 = Debug|x86
		Release|x64 = Release|x64
		Release|x86 = Release|x86
	EndGlobalSection
	GlobalSection(ProjectConfigurationPlatforms) = postSolution
		{534FCE59-09A7-4718-8928-897677910F9F}.Debug|x64.ActiveCfg = Debug|x64
		{534FCE59-09A7-4718-8928-897677910F9F}.Debug|x64.Build.0 = Debug|x64
		{534FCE59-09A7-4718-8928-897677910F9F}.Debug|x86.ActiveCfg = Debug|Win32
		{534FCE59-09A7-4718-8928-897677910F9F}.Debug|x86.Build.0 = Debug|Win32
		{534FCE59-09A7-4718-8928-897677910F9F}.Release|x64.ActiveCfg = Release|x64
		{534FCE59-09A7-4718-8928-897677910F9F}.Release|x64.Build.0 = Release|x64
		{534FCE59-09A7-4718-8928-897677910F9F}.Release|x86.ActiveCfg = Release|Win32
		{534FCE59-09A7-4718-8928-897677910F9F}.Release|x86.Build.0 = Release|Win32
	EndGlobalSection
	GlobalSection(SolutionProperties) = preSolution
		HideSolutionNode = FALSE
	EndGlobalSection
	GlobalSection(ExtensibilityGlobals) = postSolution
		SolutionGuid = {97007181-C72D-4B8D-909D-8DE1759E285A}
	EndGlobalSection
EndGlobal
