
Microsoft Visual Studio Solution File, Format Version 12.00
# Visual Studio 15
VisualStudioVersion = 15.0.28307.168
MinimumVisualStudioVersion = 10.0.40219.1
Project("{8BC9CEB8-8B4A-11D0-8D11-00A0C91BC942}") = "HW 1 Revised", "HW 1 Revised.vcxproj", "{DF79C593-D81A-4C69-B8EF-7D49B7E31C62}"
EndProject
Global
	GlobalSection(SolutionConfigurationPlatforms) = preSolution
		Debug|x64 = Debug|x64
		Debug|x86 = Debug|x86
		Release|x64 = Release|x64
		Release|x86 = Release|x86
	EndGlobalSection
	GlobalSection(ProjectConfigurationPlatforms) = postSolution
		{DF79C593-D81A-4C69-B8EF-7D49B7E31C62}.Debug|x64.ActiveCfg = Debug|x64
		{DF79C593-D81A-4C69-B8EF-7D49B7E31C62}.Debug|x64.Build.0 = Debug|x64
		{DF79C593-D81A-4C69-B8EF-7D49B7E31C62}.Debug|x86.ActiveCfg = Debug|Win32
		{DF79C593-D81A-4C69-B8EF-7D49B7E31C62}.Debug|x86.Build.0 = Debug|Win32
		{DF79C593-D81A-4C69-B8EF-7D49B7E31C62}.Release|x64.ActiveCfg = Release|x64
		{DF79C593-D81A-4C69-B8EF-7D49B7E31C62}.Release|x64.Build.0 = Release|x64
		{DF79C593-D81A-4C69-B8EF-7D49B7E31C62}.Release|x86.ActiveCfg = Release|Win32
		{DF79C593-D81A-4C69-B8EF-7D49B7E31C62}.Release|x86.Build.0 = Release|Win32
	EndGlobalSection
	GlobalSection(SolutionProperties) = preSolution
		HideSolutionNode = FALSE
	EndGlobalSection
	GlobalSection(ExtensibilityGlobals) = postSolution
		SolutionGuid = {E57E9C2B-39AE-49FF-8175-E290D88FCF2D}
	EndGlobalSection
EndGlobal
