
Microsoft Visual Studio Solution File, Format Version 12.00
# Visual Studio 15
VisualStudioVersion = 15.0.28010.2019
MinimumVisualStudioVersion = 10.0.40219.1
Project("{8BC9CEB8-8B4A-11D0-8D11-00A0C91BC942}") = "HW Assignment 1", "HW Assignment 1\HW Assignment 1.vcxproj", "{DDFC722F-A0F3-428C-8B3C-01037A5A5108}"
EndProject
Global
	GlobalSection(SolutionConfigurationPlatforms) = preSolution
		Debug|x64 = Debug|x64
		Debug|x86 = Debug|x86
		Release|x64 = Release|x64
		Release|x86 = Release|x86
	EndGlobalSection
	GlobalSection(ProjectConfigurationPlatforms) = postSolution
		{DDFC722F-A0F3-428C-8B3C-01037A5A5108}.Debug|x64.ActiveCfg = Debug|x64
		{DDFC722F-A0F3-428C-8B3C-01037A5A5108}.Debug|x64.Build.0 = Debug|x64
		{DDFC722F-A0F3-428C-8B3C-01037A5A5108}.Debug|x86.ActiveCfg = Debug|Win32
		{DDFC722F-A0F3-428C-8B3C-01037A5A5108}.Debug|x86.Build.0 = Debug|Win32
		{DDFC722F-A0F3-428C-8B3C-01037A5A5108}.Release|x64.ActiveCfg = Release|x64
		{DDFC722F-A0F3-428C-8B3C-01037A5A5108}.Release|x64.Build.0 = Release|x64
		{DDFC722F-A0F3-428C-8B3C-01037A5A5108}.Release|x86.ActiveCfg = Release|Win32
		{DDFC722F-A0F3-428C-8B3C-01037A5A5108}.Release|x86.Build.0 = Release|Win32
	EndGlobalSection
	GlobalSection(SolutionProperties) = preSolution
		HideSolutionNode = FALSE
	EndGlobalSection
	GlobalSection(ExtensibilityGlobals) = postSolution
		SolutionGuid = {4641066F-6988-4F2B-A74D-40B9A9EAB0E2}
	EndGlobalSection
EndGlobal
